
Microsoft Visual Studio Solution File, Format Version 9.00
# Visual C++ Express 2005
Project("{8BC9CEB8-8B4A-11D0-8D11-00A0C91BC942}") = "scc", "scc\scc.vcproj", "{6FC7CFCE-BBCC-4EE8-B5E0-947F78FBC6BB}"
	ProjectSection(ProjectDependencies) = postProject
		{7D3FE7A9-99C7-45AB-A1A4-E23B7A6EA23C} = {7D3FE7A9-99C7-45AB-A1A4-E23B7A6EA23C}
	EndProjectSection
EndProject
Project("{8BC9CEB8-8B4A-11D0-8D11-00A0C91BC942}") = "bvr20983", "bvr20983\bvr20983.vcproj", "{7D3FE7A9-99C7-45AB-A1A4-E23B7A6EA23C}"
	ProjectSection(ProjectDependencies) = postProject
		{C38A901E-12E2-4C3D-BB72-D10D02A59100} = {C38A901E-12E2-4C3D-BB72-D10D02A59100}
	EndProjectSection
EndProject
Project("{8BC9CEB8-8B4A-11D0-8D11-00A0C91BC942}") = "script", "script\script.vcproj", "{75B35277-75CB-4033-A05C-78E590EBFA0E}"
	ProjectSection(ProjectDependencies) = postProject
		{7D3FE7A9-99C7-45AB-A1A4-E23B7A6EA23C} = {7D3FE7A9-99C7-45AB-A1A4-E23B7A6EA23C}
	EndProjectSection
EndProject
Project("{8BC9CEB8-8B4A-11D0-8D11-00A0C91BC942}") = "digiclock", "digiclock\digiclock.vcproj", "{AD989226-D6DA-4271-AD9A-0A9C9CB6F713}"
	ProjectSection(ProjectDependencies) = postProject
		{C38A901E-12E2-4C3D-BB72-D10D02A59100} = {C38A901E-12E2-4C3D-BB72-D10D02A59100}
		{3A4CDE5C-0C10-42A5-9122-88BC46124B82} = {3A4CDE5C-0C10-42A5-9122-88BC46124B82}
	EndProjectSection
EndProject
Project("{8BC9CEB8-8B4A-11D0-8D11-00A0C91BC942}") = "bvr20983cc", "bvr20983cc\bvr20983cc.vcproj", "{3A4CDE5C-0C10-42A5-9122-88BC46124B82}"
	ProjectSection(ProjectDependencies) = postProject
		{C38A901E-12E2-4C3D-BB72-D10D02A59100} = {C38A901E-12E2-4C3D-BB72-D10D02A59100}
	EndProjectSection
EndProject
Project("{8BC9CEB8-8B4A-11D0-8D11-00A0C91BC942}") = "libbvr20983", "libbvr20983\libbvr20983.vcproj", "{C38A901E-12E2-4C3D-BB72-D10D02A59100}"
EndProject
Project("{8BC9CEB8-8B4A-11D0-8D11-00A0C91BC942}") = "lstypeinfo", "lstypeinfo\lstypeinfo.vcproj", "{6628F281-E96B-458C-9E1F-70A0FB50034E}"
EndProject
Project("{8BC9CEB8-8B4A-11D0-8D11-00A0C91BC942}") = "lsstg", "lsstg\lsstg.vcproj", "{E5A7BD26-E88D-4F13-8626-7E7C5090D488}"
EndProject
Global
	GlobalSection(SolutionConfigurationPlatforms) = preSolution
		Debug|Win32 = Debug|Win32
		Release|Win32 = Release|Win32
	EndGlobalSection
	GlobalSection(ProjectConfigurationPlatforms) = postSolution
		{6FC7CFCE-BBCC-4EE8-B5E0-947F78FBC6BB}.Debug|Win32.ActiveCfg = Debug|Win32
		{6FC7CFCE-BBCC-4EE8-B5E0-947F78FBC6BB}.Debug|Win32.Build.0 = Debug|Win32
		{6FC7CFCE-BBCC-4EE8-B5E0-947F78FBC6BB}.Release|Win32.ActiveCfg = Release|Win32
		{6FC7CFCE-BBCC-4EE8-B5E0-947F78FBC6BB}.Release|Win32.Build.0 = Release|Win32
		{7D3FE7A9-99C7-45AB-A1A4-E23B7A6EA23C}.Debug|Win32.ActiveCfg = Debug|Win32
		{7D3FE7A9-99C7-45AB-A1A4-E23B7A6EA23C}.Debug|Win32.Build.0 = Debug|Win32
		{7D3FE7A9-99C7-45AB-A1A4-E23B7A6EA23C}.Release|Win32.ActiveCfg = Release|Win32
		{7D3FE7A9-99C7-45AB-A1A4-E23B7A6EA23C}.Release|Win32.Build.0 = Release|Win32
		{75B35277-75CB-4033-A05C-78E590EBFA0E}.Debug|Win32.ActiveCfg = Debug|Win32
		{75B35277-75CB-4033-A05C-78E590EBFA0E}.Debug|Win32.Build.0 = Debug|Win32
		{75B35277-75CB-4033-A05C-78E590EBFA0E}.Release|Win32.ActiveCfg = Release|Win32
		{75B35277-75CB-4033-A05C-78E590EBFA0E}.Release|Win32.Build.0 = Release|Win32
		{AD989226-D6DA-4271-AD9A-0A9C9CB6F713}.Debug|Win32.ActiveCfg = Debug|Win32
		{AD989226-D6DA-4271-AD9A-0A9C9CB6F713}.Debug|Win32.Build.0 = Debug|Win32
		{AD989226-D6DA-4271-AD9A-0A9C9CB6F713}.Release|Win32.ActiveCfg = Release|Win32
		{AD989226-D6DA-4271-AD9A-0A9C9CB6F713}.Release|Win32.Build.0 = Release|Win32
		{3A4CDE5C-0C10-42A5-9122-88BC46124B82}.Debug|Win32.ActiveCfg = Debug|Win32
		{3A4CDE5C-0C10-42A5-9122-88BC46124B82}.Debug|Win32.Build.0 = Debug|Win32
		{3A4CDE5C-0C10-42A5-9122-88BC46124B82}.Release|Win32.ActiveCfg = Release|Win32
		{3A4CDE5C-0C10-42A5-9122-88BC46124B82}.Release|Win32.Build.0 = Release|Win32
		{C38A901E-12E2-4C3D-BB72-D10D02A59100}.Debug|Win32.ActiveCfg = Debug|Win32
		{C38A901E-12E2-4C3D-BB72-D10D02A59100}.Debug|Win32.Build.0 = Debug|Win32
		{C38A901E-12E2-4C3D-BB72-D10D02A59100}.Release|Win32.ActiveCfg = Release|Win32
		{C38A901E-12E2-4C3D-BB72-D10D02A59100}.Release|Win32.Build.0 = Release|Win32
		{6628F281-E96B-458C-9E1F-70A0FB50034E}.Debug|Win32.ActiveCfg = Debug|Win32
		{6628F281-E96B-458C-9E1F-70A0FB50034E}.Debug|Win32.Build.0 = Debug|Win32
		{6628F281-E96B-458C-9E1F-70A0FB50034E}.Release|Win32.ActiveCfg = Release|Win32
		{6628F281-E96B-458C-9E1F-70A0FB50034E}.Release|Win32.Build.0 = Release|Win32
		{E5A7BD26-E88D-4F13-8626-7E7C5090D488}.Debug|Win32.ActiveCfg = Debug|Win32
		{E5A7BD26-E88D-4F13-8626-7E7C5090D488}.Debug|Win32.Build.0 = Debug|Win32
		{E5A7BD26-E88D-4F13-8626-7E7C5090D488}.Release|Win32.ActiveCfg = Release|Win32
		{E5A7BD26-E88D-4F13-8626-7E7C5090D488}.Release|Win32.Build.0 = Release|Win32
	EndGlobalSection
	GlobalSection(SolutionProperties) = preSolution
		HideSolutionNode = FALSE
	EndGlobalSection
EndGlobal
